
Microsoft Visual Studio Solution File, Format Version 12.00
# Visual Studio Version 16
VisualStudioVersion = 16.0.29009.5
MinimumVisualStudioVersion = 10.0.40219.1
Project("{FAE04EC0-301F-11D3-BF4B-00C04F79EFBC}") = "ConexionDB_6", "ConexionDB_6\ConexionDB_6.csproj", "{4FD8CAF1-7431-46A6-BE72-A7779119365E}"
EndProject
Global
	GlobalSection(SolutionConfigurationPlatforms) = preSolution
		Debug|Any CPU = Debug|Any CPU
		Release|Any CPU = Release|Any CPU
	EndGlobalSection
	GlobalSection(ProjectConfigurationPlatforms) = postSolution
		{4FD8CAF1-7431-46A6-BE72-A7779119365E}.Debug|Any CPU.ActiveCfg = Debug|Any CPU
		{4FD8CAF1-7431-46A6-BE72-A7779119365E}.Debug|Any CPU.Build.0 = Debug|Any CPU
		{4FD8CAF1-7431-46A6-BE72-A7779119365E}.Release|Any CPU.ActiveCfg = Release|Any CPU
		{4FD8CAF1-7431-46A6-BE72-A7779119365E}.Release|Any CPU.Build.0 = Release|Any CPU
	EndGlobalSection
	GlobalSection(SolutionProperties) = preSolution
		HideSolutionNode = FALSE
	EndGlobalSection
	GlobalSection(ExtensibilityGlobals) = postSolution
		SolutionGuid = {14523301-C6D0-4C5B-91F7-06D40F06B4E0}
	EndGlobalSection
EndGlobal
