
Microsoft Visual Studio Solution File, Format Version 12.00
# Visual Studio Version 16
VisualStudioVersion = 16.0.29009.5
MinimumVisualStudioVersion = 10.0.40219.1
Project("{FAE04EC0-301F-11D3-BF4B-00C04F79EFBC}") = "claseLibro", "claseLibro\claseLibro.csproj", "{A02717ED-CB66-4E23-8802-C4536F0EE6FC}"
EndProject
Global
	GlobalSection(SolutionConfigurationPlatforms) = preSolution
		Debug|Any CPU = Debug|Any CPU
		Release|Any CPU = Release|Any CPU
	EndGlobalSection
	GlobalSection(ProjectConfigurationPlatforms) = postSolution
		{A02717ED-CB66-4E23-8802-C4536F0EE6FC}.Debug|Any CPU.ActiveCfg = Debug|Any CPU
		{A02717ED-CB66-4E23-8802-C4536F0EE6FC}.Debug|Any CPU.Build.0 = Debug|Any CPU
		{A02717ED-CB66-4E23-8802-C4536F0EE6FC}.Release|Any CPU.ActiveCfg = Release|Any CPU
		{A02717ED-CB66-4E23-8802-C4536F0EE6FC}.Release|Any CPU.Build.0 = Release|Any CPU
	EndGlobalSection
	GlobalSection(SolutionProperties) = preSolution
		HideSolutionNode = FALSE
	EndGlobalSection
	GlobalSection(ExtensibilityGlobals) = postSolution
		SolutionGuid = {95929FD8-9D19-4221-8E59-80A6130E1E06}
	EndGlobalSection
EndGlobal
