
Microsoft Visual Studio Solution File, Format Version 12.00
# Visual Studio Version 16
VisualStudioVersion = 16.0.29009.5
MinimumVisualStudioVersion = 10.0.40219.1
Project("{FAE04EC0-301F-11D3-BF4B-00C04F79EFBC}") = "MasArreglos", "MasArreglos\MasArreglos.csproj", "{ABE69C8C-059E-4566-A55C-DADBCEC2FAB9}"
EndProject
Global
	GlobalSection(SolutionConfigurationPlatforms) = preSolution
		Debug|Any CPU = Debug|Any CPU
		Release|Any CPU = Release|Any CPU
	EndGlobalSection
	GlobalSection(ProjectConfigurationPlatforms) = postSolution
		{ABE69C8C-059E-4566-A55C-DADBCEC2FAB9}.Debug|Any CPU.ActiveCfg = Debug|Any CPU
		{ABE69C8C-059E-4566-A55C-DADBCEC2FAB9}.Debug|Any CPU.Build.0 = Debug|Any CPU
		{ABE69C8C-059E-4566-A55C-DADBCEC2FAB9}.Release|Any CPU.ActiveCfg = Release|Any CPU
		{ABE69C8C-059E-4566-A55C-DADBCEC2FAB9}.Release|Any CPU.Build.0 = Release|Any CPU
	EndGlobalSection
	GlobalSection(SolutionProperties) = preSolution
		HideSolutionNode = FALSE
	EndGlobalSection
	GlobalSection(ExtensibilityGlobals) = postSolution
		SolutionGuid = {809BBB26-892B-4C95-93F5-B2B85288F913}
	EndGlobalSection
EndGlobal
